
Microsoft Visual Studio Solution File, Format Version 12.00
# Visual Studio Version 17
VisualStudioVersion = 17.14.36811.4 d17.14
MinimumVisualStudioVersion = 10.0.40219.1
Project("{FAE04EC0-301F-11D3-BF4B-00C04F79EFBC}") = "DD2ModConfig", "DD2ModConfig.csproj", "{A0B098B1-43C5-1D9E-4059-D9EF6D58BF35}"
EndProject
Global
	GlobalSection(SolutionConfigurationPlatforms) = preSolution
		Debug|Any CPU = Debug|Any CPU
		ExportDebug|Any CPU = ExportDebug|Any CPU
		ExportRelease|Any CPU = ExportRelease|Any CPU
	EndGlobalSection
	GlobalSection(ProjectConfigurationPlatforms) = postSolution
		{A0B098B1-43C5-1D9E-4059-D9EF6D58BF35}.Debug|Any CPU.ActiveCfg = Debug|Any CPU
		{A0B098B1-43C5-1D9E-4059-D9EF6D58BF35}.Debug|Any CPU.Build.0 = Debug|Any CPU
		{A0B098B1-43C5-1D9E-4059-D9EF6D58BF35}.ExportDebug|Any CPU.ActiveCfg = ExportDebug|Any CPU
		{A0B098B1-43C5-1D9E-4059-D9EF6D58BF35}.ExportDebug|Any CPU.Build.0 = ExportDebug|Any CPU
		{A0B098B1-43C5-1D9E-4059-D9EF6D58BF35}.ExportRelease|Any CPU.ActiveCfg = ExportRelease|Any CPU
		{A0B098B1-43C5-1D9E-4059-D9EF6D58BF35}.ExportRelease|Any CPU.Build.0 = ExportRelease|Any CPU
	EndGlobalSection
	GlobalSection(SolutionProperties) = preSolution
		HideSolutionNode = FALSE
	EndGlobalSection
	GlobalSection(ExtensibilityGlobals) = postSolution
		SolutionGuid = {54AC21E9-4D8A-475F-B4EB-9B0792268D34}
	EndGlobalSection
EndGlobal
